
Microsoft Visual Studio Solution File, Format Version 12.00
# Visual Studio Version 17
VisualStudioVersion = 17.11.35312.102
MinimumVisualStudioVersion = 10.0.40219.1
Project("{FAE04EC0-301F-11D3-BF4B-00C04F79EFBC}") = "SignalR", "SignalR\SignalR.csproj", "{A314C138-A6CC-45CD-BBDC-3CE158D9FA02}"
EndProject
Global
	GlobalSection(SolutionConfigurationPlatforms) = preSolution
		Debug|Any CPU = Debug|Any CPU
		Release|Any CPU = Release|Any CPU
	EndGlobalSection
	GlobalSection(ProjectConfigurationPlatforms) = postSolution
		{A314C138-A6CC-45CD-BBDC-3CE158D9FA02}.Debug|Any CPU.ActiveCfg = Debug|Any CPU
		{A314C138-A6CC-45CD-BBDC-3CE158D9FA02}.Debug|Any CPU.Build.0 = Debug|Any CPU
		{A314C138-A6CC-45CD-BBDC-3CE158D9FA02}.Release|Any CPU.ActiveCfg = Release|Any CPU
		{A314C138-A6CC-45CD-BBDC-3CE158D9FA02}.Release|Any CPU.Build.0 = Release|Any CPU
	EndGlobalSection
	GlobalSection(SolutionProperties) = preSolution
		HideSolutionNode = FALSE
	EndGlobalSection
	GlobalSection(ExtensibilityGlobals) = postSolution
		SolutionGuid = {82F5909F-A64E-4A30-A7B0-610F0EEA2594}
	EndGlobalSection
EndGlobal
